
Microsoft Visual Studio Solution File, Format Version 12.00
# Visual Studio Version 17
VisualStudioVersion = 17.3.32611.2
MinimumVisualStudioVersion = 10.0.40219.1
Project("{9A19103F-16F7-4668-BE54-9A1E7A4F7556}") = "Mopups.PreBaked", "Mopups.PreBaked.csproj", "{D92BD944-D36C-4662-8F5A-C47537A79470}"
EndProject
Project("{9A19103F-16F7-4668-BE54-9A1E7A4F7556}") = "Mopups.PreBakedSample", "..\Mopups.PreBakedSample\Mopups.PreBakedSample.csproj", "{92621373-7E41-4E81-B0F6-C419956A7C02}"
EndProject
Global
	GlobalSection(SolutionConfigurationPlatforms) = preSolution
		Debug|Any CPU = Debug|Any CPU
		Release|Any CPU = Release|Any CPU
	EndGlobalSection
	GlobalSection(ProjectConfigurationPlatforms) = postSolution
		{D92BD944-D36C-4662-8F5A-C47537A79470}.Debug|Any CPU.ActiveCfg = Debug|Any CPU
		{D92BD944-D36C-4662-8F5A-C47537A79470}.Debug|Any CPU.Build.0 = Debug|Any CPU
		{D92BD944-D36C-4662-8F5A-C47537A79470}.Release|Any CPU.ActiveCfg = Release|Any CPU
		{D92BD944-D36C-4662-8F5A-C47537A79470}.Release|Any CPU.Build.0 = Release|Any CPU
		{92621373-7E41-4E81-B0F6-C419956A7C02}.Debug|Any CPU.ActiveCfg = Debug|Any CPU
		{92621373-7E41-4E81-B0F6-C419956A7C02}.Debug|Any CPU.Build.0 = Debug|Any CPU
		{92621373-7E41-4E81-B0F6-C419956A7C02}.Debug|Any CPU.Deploy.0 = Debug|Any CPU
		{92621373-7E41-4E81-B0F6-C419956A7C02}.Release|Any CPU.ActiveCfg = Release|Any CPU
		{92621373-7E41-4E81-B0F6-C419956A7C02}.Release|Any CPU.Build.0 = Release|Any CPU
	EndGlobalSection
	GlobalSection(SolutionProperties) = preSolution
		HideSolutionNode = FALSE
	EndGlobalSection
	GlobalSection(ExtensibilityGlobals) = postSolution
		SolutionGuid = {EB446A54-4509-49E4-B260-7787B0DA5B27}
	EndGlobalSection
EndGlobal
